
Microsoft Visual Studio Solution File, Format Version 12.00
# Visual Studio 15
VisualStudioVersion = 15.0.27703.2035
MinimumVisualStudioVersion = 10.0.40219.1
Project("{FAE04EC0-301F-11D3-BF4B-00C04F79EFBC}") = "Proyecto2MechanicalApi", "Proyecto2MechanicalApi\Proyecto2MechanicalApi.csproj", "{93769EEB-2D8B-487C-AAC0-3844DDAD6ADB}"
EndProject
Project("{9A19103F-16F7-4668-BE54-9A1E7A4F7556}") = "MechanicalLibrary", "MechanicalLibrary\MechanicalLibrary.csproj", "{A4F49EC8-08D1-4C33-95D4-931356F740C5}"
EndProject
Global
	GlobalSection(SolutionConfigurationPlatforms) = preSolution
		Debug|Any CPU = Debug|Any CPU
		Release|Any CPU = Release|Any CPU
	EndGlobalSection
	GlobalSection(ProjectConfigurationPlatforms) = postSolution
		{93769EEB-2D8B-487C-AAC0-3844DDAD6ADB}.Debug|Any CPU.ActiveCfg = Debug|Any CPU
		{93769EEB-2D8B-487C-AAC0-3844DDAD6ADB}.Debug|Any CPU.Build.0 = Debug|Any CPU
		{93769EEB-2D8B-487C-AAC0-3844DDAD6ADB}.Release|Any CPU.ActiveCfg = Release|Any CPU
		{93769EEB-2D8B-487C-AAC0-3844DDAD6ADB}.Release|Any CPU.Build.0 = Release|Any CPU
		{A4F49EC8-08D1-4C33-95D4-931356F740C5}.Debug|Any CPU.ActiveCfg = Debug|Any CPU
		{A4F49EC8-08D1-4C33-95D4-931356F740C5}.Debug|Any CPU.Build.0 = Debug|Any CPU
		{A4F49EC8-08D1-4C33-95D4-931356F740C5}.Release|Any CPU.ActiveCfg = Release|Any CPU
		{A4F49EC8-08D1-4C33-95D4-931356F740C5}.Release|Any CPU.Build.0 = Release|Any CPU
	EndGlobalSection
	GlobalSection(SolutionProperties) = preSolution
		HideSolutionNode = FALSE
	EndGlobalSection
	GlobalSection(ExtensibilityGlobals) = postSolution
		SolutionGuid = {379DD08A-DBB9-4E1A-93B8-729607AD356C}
	EndGlobalSection
EndGlobal
